
Microsoft Visual Studio Solution File, Format Version 12.00
# Visual Studio Version 16
VisualStudioVersion = 16.0.30907.101
MinimumVisualStudioVersion = 10.0.40219.1
Project("{9A19103F-16F7-4668-BE54-9A1E7A4F7556}") = "Slingshot", "src\Slingshot.csproj", "{A8A5BAE1-00B8-472F-8607-EE0CD3CEABF3}"
EndProject
Global
	GlobalSection(SolutionConfigurationPlatforms) = preSolution
		Debug|Any CPU = Debug|Any CPU
		Release|Any CPU = Release|Any CPU
	EndGlobalSection
	GlobalSection(ProjectConfigurationPlatforms) = postSolution
		{A8A5BAE1-00B8-472F-8607-EE0CD3CEABF3}.Debug|Any CPU.ActiveCfg = Debug|Any CPU
		{A8A5BAE1-00B8-472F-8607-EE0CD3CEABF3}.Debug|Any CPU.Build.0 = Debug|Any CPU
		{A8A5BAE1-00B8-472F-8607-EE0CD3CEABF3}.Release|Any CPU.ActiveCfg = Release|Any CPU
		{A8A5BAE1-00B8-472F-8607-EE0CD3CEABF3}.Release|Any CPU.Build.0 = Release|Any CPU
	EndGlobalSection
	GlobalSection(SolutionProperties) = preSolution
		HideSolutionNode = FALSE
	EndGlobalSection
	GlobalSection(ExtensibilityGlobals) = postSolution
		SolutionGuid = {EAACF13D-C554-48CC-950C-0348FD6B4298}
	EndGlobalSection
EndGlobal
